
Microsoft Visual Studio Solution File, Format Version 12.00
# Visual Studio Version 17
VisualStudioVersion = 17.4.33110.190
MinimumVisualStudioVersion = 10.0.40219.1
Project("{9A19103F-16F7-4668-BE54-9A1E7A4F7556}") = "CallAssistant", "CallAssistant.csproj", "{56893EF4-2F05-426F-9712-2033537C1A66}"
EndProject
Project("{FAE04EC0-301F-11D3-BF4B-00C04F79EFBC}") = "Testing.OrchestratorClient", "..\Testing.OrchestratorClient\Testing.OrchestratorClient.csproj", "{D95F15DC-FEE5-476B-B80C-CCDF49DD473B}"
EndProject
Global
	GlobalSection(SolutionConfigurationPlatforms) = preSolution
		Debug|Any CPU = Debug|Any CPU
		Release|Any CPU = Release|Any CPU
	EndGlobalSection
	GlobalSection(ProjectConfigurationPlatforms) = postSolution
		{56893EF4-2F05-426F-9712-2033537C1A66}.Debug|Any CPU.ActiveCfg = Debug|Any CPU
		{56893EF4-2F05-426F-9712-2033537C1A66}.Debug|Any CPU.Build.0 = Debug|Any CPU
		{56893EF4-2F05-426F-9712-2033537C1A66}.Release|Any CPU.ActiveCfg = Release|Any CPU
		{56893EF4-2F05-426F-9712-2033537C1A66}.Release|Any CPU.Build.0 = Release|Any CPU
		{D95F15DC-FEE5-476B-B80C-CCDF49DD473B}.Debug|Any CPU.ActiveCfg = Debug|Any CPU
		{D95F15DC-FEE5-476B-B80C-CCDF49DD473B}.Debug|Any CPU.Build.0 = Debug|Any CPU
		{D95F15DC-FEE5-476B-B80C-CCDF49DD473B}.Release|Any CPU.ActiveCfg = Release|Any CPU
		{D95F15DC-FEE5-476B-B80C-CCDF49DD473B}.Release|Any CPU.Build.0 = Release|Any CPU
	EndGlobalSection
	GlobalSection(SolutionProperties) = preSolution
		HideSolutionNode = FALSE
	EndGlobalSection
	GlobalSection(ExtensibilityGlobals) = postSolution
		SolutionGuid = {40BC92E3-AC98-423B-8B66-0712D495CF57}
	EndGlobalSection
EndGlobal
